
Microsoft Visual Studio Solution File, Format Version 12.00
# Visual Studio 15
VisualStudioVersion = 15.0.28010.2016
MinimumVisualStudioVersion = 10.0.40219.1
Project("{9A19103F-16F7-4668-BE54-9A1E7A4F7556}") = "Facebook.Api.Client", "Facebook.Api.Client\Facebook.Api.Client.csproj", "{6FE1318C-2F20-4A20-9C99-44641C45E352}"
EndProject
Project("{FAE04EC0-301F-11D3-BF4B-00C04F79EFBC}") = "TestConsoleClient", "TestConsoleClient\TestConsoleClient.csproj", "{006FECDA-7B96-43D4-A84B-4BF7AEBD6E6C}"
EndProject
Global
	GlobalSection(SolutionConfigurationPlatforms) = preSolution
		Debug|Any CPU = Debug|Any CPU
		Release|Any CPU = Release|Any CPU
	EndGlobalSection
	GlobalSection(ProjectConfigurationPlatforms) = postSolution
		{6FE1318C-2F20-4A20-9C99-44641C45E352}.Debug|Any CPU.ActiveCfg = Debug|Any CPU
		{6FE1318C-2F20-4A20-9C99-44641C45E352}.Debug|Any CPU.Build.0 = Debug|Any CPU
		{6FE1318C-2F20-4A20-9C99-44641C45E352}.Release|Any CPU.ActiveCfg = Release|Any CPU
		{6FE1318C-2F20-4A20-9C99-44641C45E352}.Release|Any CPU.Build.0 = Release|Any CPU
		{006FECDA-7B96-43D4-A84B-4BF7AEBD6E6C}.Debug|Any CPU.ActiveCfg = Debug|Any CPU
		{006FECDA-7B96-43D4-A84B-4BF7AEBD6E6C}.Debug|Any CPU.Build.0 = Debug|Any CPU
		{006FECDA-7B96-43D4-A84B-4BF7AEBD6E6C}.Release|Any CPU.ActiveCfg = Release|Any CPU
		{006FECDA-7B96-43D4-A84B-4BF7AEBD6E6C}.Release|Any CPU.Build.0 = Release|Any CPU
	EndGlobalSection
	GlobalSection(SolutionProperties) = preSolution
		HideSolutionNode = FALSE
	EndGlobalSection
	GlobalSection(ExtensibilityGlobals) = postSolution
		SolutionGuid = {F951BA3B-7C55-438C-AC63-8EDBD0722CF8}
	EndGlobalSection
EndGlobal
